
Microsoft Visual Studio Solution File, Format Version 12.00
# Visual Studio Version 17
VisualStudioVersion = 17.7.34024.191
MinimumVisualStudioVersion = 10.0.40219.1
Project("{FAE04EC0-301F-11D3-BF4B-00C04F79EFBC}") = "StudentManagement", "StudentManagement.csproj", "{6A73C897-EC57-468C-AF47-11EEF3E378D3}"
EndProject
Global
	GlobalSection(SolutionConfigurationPlatforms) = preSolution
		Debug|Any CPU = Debug|Any CPU
		Release|Any CPU = Release|Any CPU
	EndGlobalSection
	GlobalSection(ProjectConfigurationPlatforms) = postSolution
		{6A73C897-EC57-468C-AF47-11EEF3E378D3}.Debug|Any CPU.ActiveCfg = Debug|Any CPU
		{6A73C897-EC57-468C-AF47-11EEF3E378D3}.Debug|Any CPU.Build.0 = Debug|Any CPU
		{6A73C897-EC57-468C-AF47-11EEF3E378D3}.Release|Any CPU.ActiveCfg = Release|Any CPU
		{6A73C897-EC57-468C-AF47-11EEF3E378D3}.Release|Any CPU.Build.0 = Release|Any CPU
	EndGlobalSection
	GlobalSection(SolutionProperties) = preSolution
		HideSolutionNode = FALSE
	EndGlobalSection
	GlobalSection(ExtensibilityGlobals) = postSolution
		SolutionGuid = {97437189-25C2-4753-89DB-B6EA4363986D}
	EndGlobalSection
EndGlobal
